{
  "version": 4,
  "terraform_version": "1.13.3",
  "serial": 37,
  "lineage": "1076bab0-0090-682c-5c6e-51ab3b05c379",
  "outputs": {},
  "resources": [
    {
      "module": "module.VirtualMachines[\"app03\"]",
      "mode": "data",
      "type": "local_file",
      "name": "cloudinit",
      "provider": "provider[\"registry.terraform.io/hashicorp/local\"]",
      "instances": [
        {
          "schema_version": 0,
          "attributes": {
            "content": "#cloud-config\r\npackage_upgrade: true\r\npackages:\r\n  - nginx",
            "content_base64": "I2Nsb3VkLWNvbmZpZw0KcGFja2FnZV91cGdyYWRlOiB0cnVlDQpwYWNrYWdlczoNCiAgLSBuZ2lueA==",
            "content_base64sha256": "Hxo/XHmIy6+mxkPrztstdb8tC7rWnyWLEoq/Xd1xXd0=",
            "content_base64sha512": "EHdXXRrYDawYDGETkTW8z8aTiuXAC6osadq5vLJQUNJVMdL/7O9ye4JaAdDhCpVvw+xDrnwobMTOXXDHRWsLzA==",
            "content_md5": "adc73a5cf35697e5cd3350aa0ce9f741",
            "content_sha1": "257f2464252fbb894655a51e67786a2eb9a2edf9",
            "content_sha256": "1f1a3f5c7988cbafa6c643ebcedb2d75bf2d0bbad69f258b128abf5ddd715ddd",
            "content_sha512": "1077575d1ad80dac180c61139135bccfc6938ae5c00baa2c69dab9bcb25050d25531d2ffecef727b825a01d0e10a956fc3ec43ae7c286cc4ce5d70c7456b0bcc",
            "filename": "./modules/Compute/VirtualMachines/cloudinit.yml",
            "id": "257f2464252fbb894655a51e67786a2eb9a2edf9"
          },
          "sensitive_attributes": [],
          "identity_schema_version": 0
        }
      ]
    },
    {
      "module": "module.VirtualMachines[\"app03\"]",
      "mode": "managed",
      "type": "azurerm_linux_virtual_machine",
      "name": "linuxvm",
      "provider": "provider[\"registry.terraform.io/hashicorp/azurerm\"]",
      "instances": [
        {
          "index_key": 0,
          "schema_version": 0,
          "attributes": {
            "additional_capabilities": [],
            "admin_password": "Azure@1234",
            "admin_ssh_key": [],
            "admin_username": "adminuser",
            "allow_extension_operations": true,
            "availability_set_id": "",
            "boot_diagnostics": [],
            "bypass_platform_safety_checks_on_user_schedule_enabled": false,
            "capacity_reservation_group_id": "",
            "computer_name": "app03Linuxvm01",
            "custom_data": "I2Nsb3VkLWNvbmZpZw0KcGFja2FnZV91cGdyYWRlOiB0cnVlDQpwYWNrYWdlczoNCiAgLSBuZ2lueA==",
            "dedicated_host_group_id": "",
            "dedicated_host_id": "",
            "disable_password_authentication": false,
            "disk_controller_type": "",
            "edge_zone": "",
            "encryption_at_host_enabled": false,
            "eviction_policy": "",
            "extensions_time_budget": "PT1H30M",
            "gallery_application": [],
            "id": "/subscriptions/2ab4f266-3113-46c7-9a11-16bcb8ae5659/resourceGroups/app-grp/providers/Microsoft.Compute/virtualMachines/app03Linuxvm01",
            "identity": [],
            "license_type": "",
            "location": "uksouth",
            "max_bid_price": -1,
            "name": "app03Linuxvm01",
            "network_interface_ids": [
              "/subscriptions/2ab4f266-3113-46c7-9a11-16bcb8ae5659/resourceGroups/app-grp/providers/Microsoft.Network/networkInterfaces/app03networkinterface01"
            ],
            "os_disk": [
              {
                "caching": "ReadWrite",
                "diff_disk_settings": [],
                "disk_encryption_set_id": "",
                "disk_size_gb": 30,
                "name": "app03Linuxvm01_disk1_c58fb7a00dd34aabb35935d854d70386",
                "secure_vm_disk_encryption_set_id": "",
                "security_encryption_type": "",
                "storage_account_type": "Standard_LRS",
                "write_accelerator_enabled": false
              }
            ],
            "os_image_notification": [],
            "patch_assessment_mode": "ImageDefault",
            "patch_mode": "ImageDefault",
            "plan": [],
            "platform_fault_domain": -1,
            "priority": "Regular",
            "private_ip_address": "10.0.0.4",
            "private_ip_addresses": [
              "10.0.0.4"
            ],
            "provision_vm_agent": true,
            "proximity_placement_group_id": "",
            "public_ip_address": "20.162.165.54",
            "public_ip_addresses": [
              "20.162.165.54"
            ],
            "reboot_setting": "",
            "resource_group_name": "app-grp",
            "secret": [],
            "secure_boot_enabled": false,
            "size": "Standard_B1s",
            "source_image_id": "",
            "source_image_reference": [
              {
                "offer": "0001-com-ubuntu-server-jammy",
                "publisher": "Canonical",
                "sku": "22_04-lts",
                "version": "latest"
              }
            ],
            "tags": {},
            "termination_notification": [],
            "timeouts": null,
            "user_data": "",
            "virtual_machine_id": "bda49c47-550d-4d2d-a7c7-29629a9d405c",
            "virtual_machine_scale_set_id": "",
            "vm_agent_platform_updates_enabled": false,
            "vtpm_enabled": false,
            "zone": ""
          },
          "sensitive_attributes": [
            [
              {
                "type": "get_attr",
                "value": "admin_password"
              }
            ],
            [
              {
                "type": "get_attr",
                "value": "custom_data"
              }
            ]
          ],
          "identity_schema_version": 0,
          "private": "eyJlMmJmYjczMC1lY2FhLTExZTYtOGY4OC0zNDM2M2JjN2M0YzAiOnsiY3JlYXRlIjoyNzAwMDAwMDAwMDAwLCJkZWxldGUiOjI3MDAwMDAwMDAwMDAsInJlYWQiOjMwMDAwMDAwMDAwMCwidXBkYXRlIjoyNzAwMDAwMDAwMDAwfX0=",
          "dependencies": [
            "module.VirtualMachines.data.local_file.cloudinit",
            "module.network.azurerm_network_interface.network_interfaces",
            "module.network.azurerm_network_security_group.network_security_group",
            "module.network.azurerm_public_ip.public_ipaddress",
            "module.network.azurerm_subnet.network_subnets",
            "module.network.azurerm_subnet_network_security_group_association.subnet_nsg",
            "module.network.azurerm_virtual_network.virtual_network",
            "module.resourcegroup.azurerm_resource_group.appgrp"
          ]
        }
      ]
    },
    {
      "module": "module.VirtualMachines[\"app03\"]",
      "mode": "managed",
      "type": "null_resource",
      "name": "addfiles",
      "provider": "provider[\"registry.terraform.io/hashicorp/null\"]",
      "instances": [
        {
          "index_key": 0,
          "schema_version": 0,
          "attributes": {
            "id": "4503924578175101828",
            "triggers": null
          },
          "sensitive_attributes": [],
          "identity_schema_version": 0,
          "dependencies": [
            "module.VirtualMachines.azurerm_linux_virtual_machine.linuxvm",
            "module.VirtualMachines.data.local_file.cloudinit",
            "module.VirtualMachines.time_sleep.wait_180_seconds",
            "module.network.azurerm_network_interface.network_interfaces",
            "module.network.azurerm_network_security_group.network_security_group",
            "module.network.azurerm_public_ip.public_ipaddress",
            "module.network.azurerm_subnet.network_subnets",
            "module.network.azurerm_subnet_network_security_group_association.subnet_nsg",
            "module.network.azurerm_virtual_network.virtual_network",
            "module.resourcegroup.azurerm_resource_group.appgrp"
          ]
        }
      ]
    },
    {
      "module": "module.VirtualMachines[\"app03\"]",
      "mode": "managed",
      "type": "time_sleep",
      "name": "wait_180_seconds",
      "provider": "provider[\"registry.terraform.io/hashicorp/time\"]",
      "instances": [
        {
          "schema_version": 0,
          "attributes": {
            "create_duration": "180s",
            "destroy_duration": null,
            "id": "2025-11-06T22:10:52Z",
            "triggers": null
          },
          "sensitive_attributes": [],
          "identity_schema_version": 0,
          "dependencies": [
            "module.VirtualMachines.azurerm_linux_virtual_machine.linuxvm",
            "module.VirtualMachines.data.local_file.cloudinit",
            "module.network.azurerm_network_interface.network_interfaces",
            "module.network.azurerm_network_security_group.network_security_group",
            "module.network.azurerm_public_ip.public_ipaddress",
            "module.network.azurerm_subnet.network_subnets",
            "module.network.azurerm_subnet_network_security_group_association.subnet_nsg",
            "module.network.azurerm_virtual_network.virtual_network",
            "module.resourcegroup.azurerm_resource_group.appgrp"
          ]
        }
      ]
    },
    {
      "module": "module.VirtualMachines[\"test\"]",
      "mode": "data",
      "type": "local_file",
      "name": "cloudinit",
      "provider": "provider[\"registry.terraform.io/hashicorp/local\"]",
      "instances": [
        {
          "schema_version": 0,
          "attributes": {
            "content": "#cloud-config\r\npackage_upgrade: true\r\npackages:\r\n  - nginx",
            "content_base64": "I2Nsb3VkLWNvbmZpZw0KcGFja2FnZV91cGdyYWRlOiB0cnVlDQpwYWNrYWdlczoNCiAgLSBuZ2lueA==",
            "content_base64sha256": "Hxo/XHmIy6+mxkPrztstdb8tC7rWnyWLEoq/Xd1xXd0=",
            "content_base64sha512": "EHdXXRrYDawYDGETkTW8z8aTiuXAC6osadq5vLJQUNJVMdL/7O9ye4JaAdDhCpVvw+xDrnwobMTOXXDHRWsLzA==",
            "content_md5": "adc73a5cf35697e5cd3350aa0ce9f741",
            "content_sha1": "257f2464252fbb894655a51e67786a2eb9a2edf9",
            "content_sha256": "1f1a3f5c7988cbafa6c643ebcedb2d75bf2d0bbad69f258b128abf5ddd715ddd",
            "content_sha512": "1077575d1ad80dac180c61139135bccfc6938ae5c00baa2c69dab9bcb25050d25531d2ffecef727b825a01d0e10a956fc3ec43ae7c286cc4ce5d70c7456b0bcc",
            "filename": "./modules/Compute/VirtualMachines/cloudinit.yml",
            "id": "257f2464252fbb894655a51e67786a2eb9a2edf9"
          },
          "sensitive_attributes": [],
          "identity_schema_version": 0
        }
      ]
    },
    {
      "module": "module.VirtualMachines[\"test\"]",
      "mode": "managed",
      "type": "azurerm_linux_virtual_machine",
      "name": "linuxvm",
      "provider": "provider[\"registry.terraform.io/hashicorp/azurerm\"]",
      "instances": [
        {
          "index_key": 0,
          "schema_version": 0,
          "attributes": {
            "additional_capabilities": [],
            "admin_password": "Azure@1234",
            "admin_ssh_key": [],
            "admin_username": "adminuser",
            "allow_extension_operations": true,
            "availability_set_id": "",
            "boot_diagnostics": [],
            "bypass_platform_safety_checks_on_user_schedule_enabled": false,
            "capacity_reservation_group_id": "",
            "computer_name": "testLinuxvm01",
            "custom_data": "I2Nsb3VkLWNvbmZpZw0KcGFja2FnZV91cGdyYWRlOiB0cnVlDQpwYWNrYWdlczoNCiAgLSBuZ2lueA==",
            "dedicated_host_group_id": "",
            "dedicated_host_id": "",
            "disable_password_authentication": false,
            "disk_controller_type": "",
            "edge_zone": "",
            "encryption_at_host_enabled": false,
            "eviction_policy": "",
            "extensions_time_budget": "PT1H30M",
            "gallery_application": [],
            "id": "/subscriptions/2ab4f266-3113-46c7-9a11-16bcb8ae5659/resourceGroups/app-grp/providers/Microsoft.Compute/virtualMachines/testLinuxvm01",
            "identity": [],
            "license_type": "",
            "location": "uksouth",
            "max_bid_price": -1,
            "name": "testLinuxvm01",
            "network_interface_ids": [
              "/subscriptions/2ab4f266-3113-46c7-9a11-16bcb8ae5659/resourceGroups/app-grp/providers/Microsoft.Network/networkInterfaces/testnetworkinterface01"
            ],
            "os_disk": [
              {
                "caching": "ReadWrite",
                "diff_disk_settings": [],
                "disk_encryption_set_id": "",
                "disk_size_gb": 30,
                "name": "testLinuxvm01_OsDisk_1_b659a4e01d0645749053ac96b1ab7809",
                "secure_vm_disk_encryption_set_id": "",
                "security_encryption_type": "",
                "storage_account_type": "Standard_LRS",
                "write_accelerator_enabled": false
              }
            ],
            "os_image_notification": [],
            "patch_assessment_mode": "ImageDefault",
            "patch_mode": "ImageDefault",
            "plan": [],
            "platform_fault_domain": -1,
            "priority": "Regular",
            "private_ip_address": "10.1.0.4",
            "private_ip_addresses": [
              "10.1.0.4"
            ],
            "provision_vm_agent": true,
            "proximity_placement_group_id": "",
            "public_ip_address": "172.167.130.185",
            "public_ip_addresses": [
              "172.167.130.185"
            ],
            "reboot_setting": "",
            "resource_group_name": "app-grp",
            "secret": [],
            "secure_boot_enabled": false,
            "size": "Standard_B1s",
            "source_image_id": "",
            "source_image_reference": [
              {
                "offer": "0001-com-ubuntu-server-jammy",
                "publisher": "Canonical",
                "sku": "22_04-lts",
                "version": "latest"
              }
            ],
            "tags": {},
            "termination_notification": [],
            "timeouts": null,
            "user_data": "",
            "virtual_machine_id": "23f1c9a9-ad77-4437-a91b-546f8723105c",
            "virtual_machine_scale_set_id": "",
            "vm_agent_platform_updates_enabled": false,
            "vtpm_enabled": false,
            "zone": ""
          },
          "sensitive_attributes": [
            [
              {
                "type": "get_attr",
                "value": "admin_password"
              }
            ],
            [
              {
                "type": "get_attr",
                "value": "custom_data"
              }
            ]
          ],
          "identity_schema_version": 0,
          "private": "eyJlMmJmYjczMC1lY2FhLTExZTYtOGY4OC0zNDM2M2JjN2M0YzAiOnsiY3JlYXRlIjoyNzAwMDAwMDAwMDAwLCJkZWxldGUiOjI3MDAwMDAwMDAwMDAsInJlYWQiOjMwMDAwMDAwMDAwMCwidXBkYXRlIjoyNzAwMDAwMDAwMDAwfX0=",
          "dependencies": [
            "module.VirtualMachines.data.local_file.cloudinit",
            "module.network.azurerm_network_interface.network_interfaces",
            "module.network.azurerm_network_security_group.network_security_group",
            "module.network.azurerm_public_ip.public_ipaddress",
            "module.network.azurerm_subnet.network_subnets",
            "module.network.azurerm_subnet_network_security_group_association.subnet_nsg",
            "module.network.azurerm_virtual_network.virtual_network",
            "module.resourcegroup.azurerm_resource_group.appgrp"
          ]
        }
      ]
    },
    {
      "module": "module.VirtualMachines[\"test\"]",
      "mode": "managed",
      "type": "null_resource",
      "name": "addfiles",
      "provider": "provider[\"registry.terraform.io/hashicorp/null\"]",
      "instances": [
        {
          "index_key": 0,
          "schema_version": 0,
          "attributes": {
            "id": "7593620572206057505",
            "triggers": null
          },
          "sensitive_attributes": [],
          "identity_schema_version": 0,
          "dependencies": [
            "module.VirtualMachines.azurerm_linux_virtual_machine.linuxvm",
            "module.VirtualMachines.data.local_file.cloudinit",
            "module.VirtualMachines.time_sleep.wait_180_seconds",
            "module.network.azurerm_network_interface.network_interfaces",
            "module.network.azurerm_network_security_group.network_security_group",
            "module.network.azurerm_public_ip.public_ipaddress",
            "module.network.azurerm_subnet.network_subnets",
            "module.network.azurerm_subnet_network_security_group_association.subnet_nsg",
            "module.network.azurerm_virtual_network.virtual_network",
            "module.resourcegroup.azurerm_resource_group.appgrp"
          ]
        }
      ]
    },
    {
      "module": "module.VirtualMachines[\"test\"]",
      "mode": "managed",
      "type": "time_sleep",
      "name": "wait_180_seconds",
      "provider": "provider[\"registry.terraform.io/hashicorp/time\"]",
      "instances": [
        {
          "schema_version": 0,
          "attributes": {
            "create_duration": "180s",
            "destroy_duration": null,
            "id": "2025-11-06T22:10:52Z",
            "triggers": null
          },
          "sensitive_attributes": [],
          "identity_schema_version": 0,
          "dependencies": [
            "module.VirtualMachines.azurerm_linux_virtual_machine.linuxvm",
            "module.VirtualMachines.data.local_file.cloudinit",
            "module.network.azurerm_network_interface.network_interfaces",
            "module.network.azurerm_network_security_group.network_security_group",
            "module.network.azurerm_public_ip.public_ipaddress",
            "module.network.azurerm_subnet.network_subnets",
            "module.network.azurerm_subnet_network_security_group_association.subnet_nsg",
            "module.network.azurerm_virtual_network.virtual_network",
            "module.resourcegroup.azurerm_resource_group.appgrp"
          ]
        }
      ]
    },
    {
      "module": "module.network[\"app03\"]",
      "mode": "managed",
      "type": "azurerm_network_interface",
      "name": "network_interfaces",
      "provider": "provider[\"registry.terraform.io/hashicorp/azurerm\"]",
      "instances": [
        {
          "index_key": 0,
          "schema_version": 0,
          "attributes": {
            "accelerated_networking_enabled": false,
            "applied_dns_servers": [],
            "auxiliary_mode": "",
            "auxiliary_sku": "",
            "dns_servers": [],
            "edge_zone": "",
            "id": "/subscriptions/2ab4f266-3113-46c7-9a11-16bcb8ae5659/resourceGroups/app-grp/providers/Microsoft.Network/networkInterfaces/app03networkinterface01",
            "internal_dns_name_label": "",
            "internal_domain_name_suffix": "fxxckubtjtku3bona5rs0pqfue.zx.internal.cloudapp.net",
            "ip_configuration": [
              {
                "gateway_load_balancer_frontend_ip_configuration_id": "",
                "name": "internal",
                "primary": true,
                "private_ip_address": "10.0.0.4",
                "private_ip_address_allocation": "Dynamic",
                "private_ip_address_version": "IPv4",
                "public_ip_address_id": "/subscriptions/2ab4f266-3113-46c7-9a11-16bcb8ae5659/resourceGroups/app-grp/providers/Microsoft.Network/publicIPAddresses/app03public-ip01",
                "subnet_id": "/subscriptions/2ab4f266-3113-46c7-9a11-16bcb8ae5659/resourceGroups/app-grp/providers/Microsoft.Network/virtualNetworks/app03-network/subnets/app03subnet1"
              }
            ],
            "ip_forwarding_enabled": false,
            "location": "uksouth",
            "mac_address": "60-45-BD-FC-43-11",
            "name": "app03networkinterface01",
            "private_ip_address": "10.0.0.4",
            "private_ip_addresses": [
              "10.0.0.4"
            ],
            "resource_group_name": "app-grp",
            "tags": {},
            "timeouts": null,
            "virtual_machine_id": "/subscriptions/2ab4f266-3113-46c7-9a11-16bcb8ae5659/resourceGroups/app-grp/providers/Microsoft.Compute/virtualMachines/app03Linuxvm01"
          },
          "sensitive_attributes": [],
          "identity_schema_version": 0,
          "private": "eyJlMmJmYjczMC1lY2FhLTExZTYtOGY4OC0zNDM2M2JjN2M0YzAiOnsiY3JlYXRlIjoxODAwMDAwMDAwMDAwLCJkZWxldGUiOjE4MDAwMDAwMDAwMDAsInJlYWQiOjMwMDAwMDAwMDAwMCwidXBkYXRlIjoxODAwMDAwMDAwMDAwfX0=",
          "dependencies": [
            "module.network.azurerm_public_ip.public_ipaddress",
            "module.network.azurerm_subnet.network_subnets",
            "module.network.azurerm_virtual_network.virtual_network",
            "module.resourcegroup.azurerm_resource_group.appgrp"
          ]
        }
      ]
    },
    {
      "module": "module.network[\"app03\"]",
      "mode": "managed",
      "type": "azurerm_network_security_group",
      "name": "network_security_group",
      "provider": "provider[\"registry.terraform.io/hashicorp/azurerm\"]",
      "instances": [
        {
          "schema_version": 0,
          "attributes": {
            "id": "/subscriptions/2ab4f266-3113-46c7-9a11-16bcb8ae5659/resourceGroups/app-grp/providers/Microsoft.Network/networkSecurityGroups/app03network-nsg",
            "location": "uksouth",
            "name": "app03network-nsg",
            "resource_group_name": "app-grp",
            "security_rule": [
              {
                "access": "Allow",
                "description": "",
                "destination_address_prefix": "*",
                "destination_address_prefixes": [],
                "destination_application_security_group_ids": [],
                "destination_port_range": "22",
                "destination_port_ranges": [],
                "direction": "Inbound",
                "name": "Allow-22",
                "priority": 300,
                "protocol": "Tcp",
                "source_address_prefix": "*",
                "source_address_prefixes": [],
                "source_application_security_group_ids": [],
                "source_port_range": "*",
                "source_port_ranges": []
              },
              {
                "access": "Allow",
                "description": "",
                "destination_address_prefix": "*",
                "destination_address_prefixes": [],
                "destination_application_security_group_ids": [],
                "destination_port_range": "80",
                "destination_port_ranges": [],
                "direction": "Inbound",
                "name": "Allow-80",
                "priority": 310,
                "protocol": "Tcp",
                "source_address_prefix": "*",
                "source_address_prefixes": [],
                "source_application_security_group_ids": [],
                "source_port_range": "*",
                "source_port_ranges": []
              }
            ],
            "tags": {},
            "timeouts": null
          },
          "sensitive_attributes": [],
          "identity_schema_version": 0,
          "private": "eyJlMmJmYjczMC1lY2FhLTExZTYtOGY4OC0zNDM2M2JjN2M0YzAiOnsiY3JlYXRlIjoxODAwMDAwMDAwMDAwLCJkZWxldGUiOjE4MDAwMDAwMDAwMDAsInJlYWQiOjMwMDAwMDAwMDAwMCwidXBkYXRlIjoxODAwMDAwMDAwMDAwfX0=",
          "dependencies": [
            "module.resourcegroup.azurerm_resource_group.appgrp"
          ]
        }
      ]
    },
    {
      "module": "module.network[\"app03\"]",
      "mode": "managed",
      "type": "azurerm_public_ip",
      "name": "public_ipaddress",
      "provider": "provider[\"registry.terraform.io/hashicorp/azurerm\"]",
      "instances": [
        {
          "index_key": 0,
          "schema_version": 0,
          "attributes": {
            "allocation_method": "Static",
            "ddos_protection_mode": "VirtualNetworkInherited",
            "ddos_protection_plan_id": null,
            "domain_name_label": null,
            "domain_name_label_scope": null,
            "edge_zone": "",
            "fqdn": null,
            "id": "/subscriptions/2ab4f266-3113-46c7-9a11-16bcb8ae5659/resourceGroups/app-grp/providers/Microsoft.Network/publicIPAddresses/app03public-ip01",
            "idle_timeout_in_minutes": 4,
            "ip_address": "20.162.165.54",
            "ip_tags": {},
            "ip_version": "IPv4",
            "location": "uksouth",
            "name": "app03public-ip01",
            "public_ip_prefix_id": null,
            "resource_group_name": "app-grp",
            "reverse_fqdn": null,
            "sku": "Standard",
            "sku_tier": "Regional",
            "tags": {},
            "timeouts": null,
            "zones": []
          },
          "sensitive_attributes": [],
          "identity_schema_version": 0,
          "private": "eyJlMmJmYjczMC1lY2FhLTExZTYtOGY4OC0zNDM2M2JjN2M0YzAiOnsiY3JlYXRlIjoxODAwMDAwMDAwMDAwLCJkZWxldGUiOjE4MDAwMDAwMDAwMDAsInJlYWQiOjMwMDAwMDAwMDAwMCwidXBkYXRlIjoxODAwMDAwMDAwMDAwfX0=",
          "dependencies": [
            "module.resourcegroup.azurerm_resource_group.appgrp"
          ]
        }
      ]
    },
    {
      "module": "module.network[\"app03\"]",
      "mode": "managed",
      "type": "azurerm_subnet",
      "name": "network_subnets",
      "provider": "provider[\"registry.terraform.io/hashicorp/azurerm\"]",
      "instances": [
        {
          "index_key": 0,
          "schema_version": 0,
          "attributes": {
            "address_prefixes": [
              "10.0.0.0/24"
            ],
            "default_outbound_access_enabled": true,
            "delegation": [],
            "id": "/subscriptions/2ab4f266-3113-46c7-9a11-16bcb8ae5659/resourceGroups/app-grp/providers/Microsoft.Network/virtualNetworks/app03-network/subnets/app03subnet1",
            "name": "app03subnet1",
            "private_endpoint_network_policies": "Disabled",
            "private_link_service_network_policies_enabled": true,
            "resource_group_name": "app-grp",
            "service_endpoint_policy_ids": [],
            "service_endpoints": [],
            "timeouts": null,
            "virtual_network_name": "app03-network"
          },
          "sensitive_attributes": [],
          "identity_schema_version": 0,
          "private": "eyJlMmJmYjczMC1lY2FhLTExZTYtOGY4OC0zNDM2M2JjN2M0YzAiOnsiY3JlYXRlIjoxODAwMDAwMDAwMDAwLCJkZWxldGUiOjE4MDAwMDAwMDAwMDAsInJlYWQiOjMwMDAwMDAwMDAwMCwidXBkYXRlIjoxODAwMDAwMDAwMDAwfX0=",
          "dependencies": [
            "module.network.azurerm_virtual_network.virtual_network",
            "module.resourcegroup.azurerm_resource_group.appgrp"
          ]
        }
      ]
    },
    {
      "module": "module.network[\"app03\"]",
      "mode": "managed",
      "type": "azurerm_subnet_network_security_group_association",
      "name": "subnet_nsg",
      "provider": "provider[\"registry.terraform.io/hashicorp/azurerm\"]",
      "instances": [
        {
          "index_key": 0,
          "schema_version": 0,
          "attributes": {
            "id": "/subscriptions/2ab4f266-3113-46c7-9a11-16bcb8ae5659/resourceGroups/app-grp/providers/Microsoft.Network/virtualNetworks/app03-network/subnets/app03subnet1",
            "network_security_group_id": "/subscriptions/2ab4f266-3113-46c7-9a11-16bcb8ae5659/resourceGroups/app-grp/providers/Microsoft.Network/networkSecurityGroups/app03network-nsg",
            "subnet_id": "/subscriptions/2ab4f266-3113-46c7-9a11-16bcb8ae5659/resourceGroups/app-grp/providers/Microsoft.Network/virtualNetworks/app03-network/subnets/app03subnet1",
            "timeouts": null
          },
          "sensitive_attributes": [],
          "identity_schema_version": 0,
          "private": "eyJlMmJmYjczMC1lY2FhLTExZTYtOGY4OC0zNDM2M2JjN2M0YzAiOnsiY3JlYXRlIjoxODAwMDAwMDAwMDAwLCJkZWxldGUiOjE4MDAwMDAwMDAwMDAsInJlYWQiOjMwMDAwMDAwMDAwMH19",
          "dependencies": [
            "module.network.azurerm_network_security_group.network_security_group",
            "module.network.azurerm_subnet.network_subnets",
            "module.network.azurerm_virtual_network.virtual_network",
            "module.resourcegroup.azurerm_resource_group.appgrp"
          ]
        }
      ]
    },
    {
      "module": "module.network[\"app03\"]",
      "mode": "managed",
      "type": "azurerm_virtual_network",
      "name": "virtual_network",
      "provider": "provider[\"registry.terraform.io/hashicorp/azurerm\"]",
      "instances": [
        {
          "schema_version": 0,
          "attributes": {
            "address_space": [
              "10.0.0.0/16"
            ],
            "bgp_community": "",
            "ddos_protection_plan": [],
            "dns_servers": [],
            "edge_zone": "",
            "encryption": [],
            "flow_timeout_in_minutes": 0,
            "guid": "5025ee2d-4c33-4ed5-85cd-07e32d3e05a4",
            "id": "/subscriptions/2ab4f266-3113-46c7-9a11-16bcb8ae5659/resourceGroups/app-grp/providers/Microsoft.Network/virtualNetworks/app03-network",
            "location": "uksouth",
            "name": "app03-network",
            "resource_group_name": "app-grp",
            "subnet": [
              {
                "address_prefixes": [
                  "10.0.0.0/24"
                ],
                "default_outbound_access_enabled": true,
                "delegation": [],
                "id": "/subscriptions/2ab4f266-3113-46c7-9a11-16bcb8ae5659/resourceGroups/app-grp/providers/Microsoft.Network/virtualNetworks/app03-network/subnets/app03subnet1",
                "name": "app03subnet1",
                "private_endpoint_network_policies": "Disabled",
                "private_link_service_network_policies_enabled": true,
                "route_table_id": "",
                "security_group": "/subscriptions/2ab4f266-3113-46c7-9a11-16bcb8ae5659/resourceGroups/app-grp/providers/Microsoft.Network/networkSecurityGroups/app03network-nsg",
                "service_endpoint_policy_ids": [],
                "service_endpoints": []
              }
            ],
            "tags": {},
            "timeouts": null
          },
          "sensitive_attributes": [],
          "identity_schema_version": 0,
          "private": "eyJlMmJmYjczMC1lY2FhLTExZTYtOGY4OC0zNDM2M2JjN2M0YzAiOnsiY3JlYXRlIjoxODAwMDAwMDAwMDAwLCJkZWxldGUiOjE4MDAwMDAwMDAwMDAsInJlYWQiOjMwMDAwMDAwMDAwMCwidXBkYXRlIjoxODAwMDAwMDAwMDAwfX0=",
          "dependencies": [
            "module.resourcegroup.azurerm_resource_group.appgrp"
          ]
        }
      ]
    },
    {
      "module": "module.network[\"test\"]",
      "mode": "managed",
      "type": "azurerm_network_interface",
      "name": "network_interfaces",
      "provider": "provider[\"registry.terraform.io/hashicorp/azurerm\"]",
      "instances": [
        {
          "index_key": 0,
          "schema_version": 0,
          "attributes": {
            "accelerated_networking_enabled": false,
            "applied_dns_servers": [],
            "auxiliary_mode": "",
            "auxiliary_sku": "",
            "dns_servers": [],
            "edge_zone": "",
            "id": "/subscriptions/2ab4f266-3113-46c7-9a11-16bcb8ae5659/resourceGroups/app-grp/providers/Microsoft.Network/networkInterfaces/testnetworkinterface01",
            "internal_dns_name_label": "",
            "internal_domain_name_suffix": "kaaeugbyktfuxhnpus2o5xjsae.zx.internal.cloudapp.net",
            "ip_configuration": [
              {
                "gateway_load_balancer_frontend_ip_configuration_id": "",
                "name": "internal",
                "primary": true,
                "private_ip_address": "10.1.0.4",
                "private_ip_address_allocation": "Dynamic",
                "private_ip_address_version": "IPv4",
                "public_ip_address_id": "/subscriptions/2ab4f266-3113-46c7-9a11-16bcb8ae5659/resourceGroups/app-grp/providers/Microsoft.Network/publicIPAddresses/testpublic-ip01",
                "subnet_id": "/subscriptions/2ab4f266-3113-46c7-9a11-16bcb8ae5659/resourceGroups/app-grp/providers/Microsoft.Network/virtualNetworks/test-network/subnets/testsubnet1"
              }
            ],
            "ip_forwarding_enabled": false,
            "location": "uksouth",
            "mac_address": "7C-1E-52-79-80-0C",
            "name": "testnetworkinterface01",
            "private_ip_address": "10.1.0.4",
            "private_ip_addresses": [
              "10.1.0.4"
            ],
            "resource_group_name": "app-grp",
            "tags": {},
            "timeouts": null,
            "virtual_machine_id": "/subscriptions/2ab4f266-3113-46c7-9a11-16bcb8ae5659/resourceGroups/app-grp/providers/Microsoft.Compute/virtualMachines/testLinuxvm01"
          },
          "sensitive_attributes": [],
          "identity_schema_version": 0,
          "private": "eyJlMmJmYjczMC1lY2FhLTExZTYtOGY4OC0zNDM2M2JjN2M0YzAiOnsiY3JlYXRlIjoxODAwMDAwMDAwMDAwLCJkZWxldGUiOjE4MDAwMDAwMDAwMDAsInJlYWQiOjMwMDAwMDAwMDAwMCwidXBkYXRlIjoxODAwMDAwMDAwMDAwfX0=",
          "dependencies": [
            "module.network.azurerm_public_ip.public_ipaddress",
            "module.network.azurerm_subnet.network_subnets",
            "module.network.azurerm_virtual_network.virtual_network",
            "module.resourcegroup.azurerm_resource_group.appgrp"
          ]
        }
      ]
    },
    {
      "module": "module.network[\"test\"]",
      "mode": "managed",
      "type": "azurerm_network_security_group",
      "name": "network_security_group",
      "provider": "provider[\"registry.terraform.io/hashicorp/azurerm\"]",
      "instances": [
        {
          "schema_version": 0,
          "attributes": {
            "id": "/subscriptions/2ab4f266-3113-46c7-9a11-16bcb8ae5659/resourceGroups/app-grp/providers/Microsoft.Network/networkSecurityGroups/testnetwork-nsg",
            "location": "uksouth",
            "name": "testnetwork-nsg",
            "resource_group_name": "app-grp",
            "security_rule": [
              {
                "access": "Allow",
                "description": "",
                "destination_address_prefix": "*",
                "destination_address_prefixes": [],
                "destination_application_security_group_ids": [],
                "destination_port_range": "22",
                "destination_port_ranges": [],
                "direction": "Inbound",
                "name": "Allow-22",
                "priority": 300,
                "protocol": "Tcp",
                "source_address_prefix": "*",
                "source_address_prefixes": [],
                "source_application_security_group_ids": [],
                "source_port_range": "*",
                "source_port_ranges": []
              },
              {
                "access": "Allow",
                "description": "",
                "destination_address_prefix": "*",
                "destination_address_prefixes": [],
                "destination_application_security_group_ids": [],
                "destination_port_range": "80",
                "destination_port_ranges": [],
                "direction": "Inbound",
                "name": "Allow-80",
                "priority": 310,
                "protocol": "Tcp",
                "source_address_prefix": "*",
                "source_address_prefixes": [],
                "source_application_security_group_ids": [],
                "source_port_range": "*",
                "source_port_ranges": []
              }
            ],
            "tags": {},
            "timeouts": null
          },
          "sensitive_attributes": [],
          "identity_schema_version": 0,
          "private": "eyJlMmJmYjczMC1lY2FhLTExZTYtOGY4OC0zNDM2M2JjN2M0YzAiOnsiY3JlYXRlIjoxODAwMDAwMDAwMDAwLCJkZWxldGUiOjE4MDAwMDAwMDAwMDAsInJlYWQiOjMwMDAwMDAwMDAwMCwidXBkYXRlIjoxODAwMDAwMDAwMDAwfX0=",
          "dependencies": [
            "module.resourcegroup.azurerm_resource_group.appgrp"
          ]
        }
      ]
    },
    {
      "module": "module.network[\"test\"]",
      "mode": "managed",
      "type": "azurerm_public_ip",
      "name": "public_ipaddress",
      "provider": "provider[\"registry.terraform.io/hashicorp/azurerm\"]",
      "instances": [
        {
          "index_key": 0,
          "schema_version": 0,
          "attributes": {
            "allocation_method": "Static",
            "ddos_protection_mode": "VirtualNetworkInherited",
            "ddos_protection_plan_id": null,
            "domain_name_label": null,
            "domain_name_label_scope": null,
            "edge_zone": "",
            "fqdn": null,
            "id": "/subscriptions/2ab4f266-3113-46c7-9a11-16bcb8ae5659/resourceGroups/app-grp/providers/Microsoft.Network/publicIPAddresses/testpublic-ip01",
            "idle_timeout_in_minutes": 4,
            "ip_address": "172.167.130.185",
            "ip_tags": {},
            "ip_version": "IPv4",
            "location": "uksouth",
            "name": "testpublic-ip01",
            "public_ip_prefix_id": null,
            "resource_group_name": "app-grp",
            "reverse_fqdn": null,
            "sku": "Standard",
            "sku_tier": "Regional",
            "tags": {},
            "timeouts": null,
            "zones": []
          },
          "sensitive_attributes": [],
          "identity_schema_version": 0,
          "private": "eyJlMmJmYjczMC1lY2FhLTExZTYtOGY4OC0zNDM2M2JjN2M0YzAiOnsiY3JlYXRlIjoxODAwMDAwMDAwMDAwLCJkZWxldGUiOjE4MDAwMDAwMDAwMDAsInJlYWQiOjMwMDAwMDAwMDAwMCwidXBkYXRlIjoxODAwMDAwMDAwMDAwfX0=",
          "dependencies": [
            "module.resourcegroup.azurerm_resource_group.appgrp"
          ]
        }
      ]
    },
    {
      "module": "module.network[\"test\"]",
      "mode": "managed",
      "type": "azurerm_subnet",
      "name": "network_subnets",
      "provider": "provider[\"registry.terraform.io/hashicorp/azurerm\"]",
      "instances": [
        {
          "index_key": 0,
          "schema_version": 0,
          "attributes": {
            "address_prefixes": [
              "10.1.0.0/24"
            ],
            "default_outbound_access_enabled": true,
            "delegation": [],
            "id": "/subscriptions/2ab4f266-3113-46c7-9a11-16bcb8ae5659/resourceGroups/app-grp/providers/Microsoft.Network/virtualNetworks/test-network/subnets/testsubnet1",
            "name": "testsubnet1",
            "private_endpoint_network_policies": "Disabled",
            "private_link_service_network_policies_enabled": true,
            "resource_group_name": "app-grp",
            "service_endpoint_policy_ids": [],
            "service_endpoints": [],
            "timeouts": null,
            "virtual_network_name": "test-network"
          },
          "sensitive_attributes": [],
          "identity_schema_version": 0,
          "private": "eyJlMmJmYjczMC1lY2FhLTExZTYtOGY4OC0zNDM2M2JjN2M0YzAiOnsiY3JlYXRlIjoxODAwMDAwMDAwMDAwLCJkZWxldGUiOjE4MDAwMDAwMDAwMDAsInJlYWQiOjMwMDAwMDAwMDAwMCwidXBkYXRlIjoxODAwMDAwMDAwMDAwfX0=",
          "dependencies": [
            "module.network.azurerm_virtual_network.virtual_network",
            "module.resourcegroup.azurerm_resource_group.appgrp"
          ]
        }
      ]
    },
    {
      "module": "module.network[\"test\"]",
      "mode": "managed",
      "type": "azurerm_subnet_network_security_group_association",
      "name": "subnet_nsg",
      "provider": "provider[\"registry.terraform.io/hashicorp/azurerm\"]",
      "instances": [
        {
          "index_key": 0,
          "schema_version": 0,
          "attributes": {
            "id": "/subscriptions/2ab4f266-3113-46c7-9a11-16bcb8ae5659/resourceGroups/app-grp/providers/Microsoft.Network/virtualNetworks/test-network/subnets/testsubnet1",
            "network_security_group_id": "/subscriptions/2ab4f266-3113-46c7-9a11-16bcb8ae5659/resourceGroups/app-grp/providers/Microsoft.Network/networkSecurityGroups/testnetwork-nsg",
            "subnet_id": "/subscriptions/2ab4f266-3113-46c7-9a11-16bcb8ae5659/resourceGroups/app-grp/providers/Microsoft.Network/virtualNetworks/test-network/subnets/testsubnet1",
            "timeouts": null
          },
          "sensitive_attributes": [],
          "identity_schema_version": 0,
          "private": "eyJlMmJmYjczMC1lY2FhLTExZTYtOGY4OC0zNDM2M2JjN2M0YzAiOnsiY3JlYXRlIjoxODAwMDAwMDAwMDAwLCJkZWxldGUiOjE4MDAwMDAwMDAwMDAsInJlYWQiOjMwMDAwMDAwMDAwMH19",
          "dependencies": [
            "module.network.azurerm_network_security_group.network_security_group",
            "module.network.azurerm_subnet.network_subnets",
            "module.network.azurerm_virtual_network.virtual_network",
            "module.resourcegroup.azurerm_resource_group.appgrp"
          ]
        }
      ]
    },
    {
      "module": "module.network[\"test\"]",
      "mode": "managed",
      "type": "azurerm_virtual_network",
      "name": "virtual_network",
      "provider": "provider[\"registry.terraform.io/hashicorp/azurerm\"]",
      "instances": [
        {
          "schema_version": 0,
          "attributes": {
            "address_space": [
              "10.1.0.0/16"
            ],
            "bgp_community": "",
            "ddos_protection_plan": [],
            "dns_servers": [],
            "edge_zone": "",
            "encryption": [],
            "flow_timeout_in_minutes": 0,
            "guid": "184a0050-5438-4bcb-9daf-a4b8efdd3204",
            "id": "/subscriptions/2ab4f266-3113-46c7-9a11-16bcb8ae5659/resourceGroups/app-grp/providers/Microsoft.Network/virtualNetworks/test-network",
            "location": "uksouth",
            "name": "test-network",
            "resource_group_name": "app-grp",
            "subnet": [
              {
                "address_prefixes": [
                  "10.1.0.0/24"
                ],
                "default_outbound_access_enabled": true,
                "delegation": [],
                "id": "/subscriptions/2ab4f266-3113-46c7-9a11-16bcb8ae5659/resourceGroups/app-grp/providers/Microsoft.Network/virtualNetworks/test-network/subnets/testsubnet1",
                "name": "testsubnet1",
                "private_endpoint_network_policies": "Disabled",
                "private_link_service_network_policies_enabled": true,
                "route_table_id": "",
                "security_group": "/subscriptions/2ab4f266-3113-46c7-9a11-16bcb8ae5659/resourceGroups/app-grp/providers/Microsoft.Network/networkSecurityGroups/testnetwork-nsg",
                "service_endpoint_policy_ids": [],
                "service_endpoints": []
              }
            ],
            "tags": {},
            "timeouts": null
          },
          "sensitive_attributes": [],
          "identity_schema_version": 0,
          "private": "eyJlMmJmYjczMC1lY2FhLTExZTYtOGY4OC0zNDM2M2JjN2M0YzAiOnsiY3JlYXRlIjoxODAwMDAwMDAwMDAwLCJkZWxldGUiOjE4MDAwMDAwMDAwMDAsInJlYWQiOjMwMDAwMDAwMDAwMCwidXBkYXRlIjoxODAwMDAwMDAwMDAwfX0=",
          "dependencies": [
            "module.resourcegroup.azurerm_resource_group.appgrp"
          ]
        }
      ]
    },
    {
      "module": "module.resourcegroup",
      "mode": "managed",
      "type": "azurerm_resource_group",
      "name": "appgrp",
      "provider": "provider[\"registry.terraform.io/hashicorp/azurerm\"]",
      "instances": [
        {
          "schema_version": 0,
          "attributes": {
            "id": "/subscriptions/2ab4f266-3113-46c7-9a11-16bcb8ae5659/resourceGroups/app-grp",
            "location": "uksouth",
            "managed_by": "",
            "name": "app-grp",
            "tags": {},
            "timeouts": null
          },
          "sensitive_attributes": [],
          "identity_schema_version": 0,
          "private": "eyJlMmJmYjczMC1lY2FhLTExZTYtOGY4OC0zNDM2M2JjN2M0YzAiOnsiY3JlYXRlIjo1NDAwMDAwMDAwMDAwLCJkZWxldGUiOjU0MDAwMDAwMDAwMDAsInJlYWQiOjMwMDAwMDAwMDAwMCwidXBkYXRlIjo1NDAwMDAwMDAwMDAwfSwic2NoZW1hX3ZlcnNpb24iOiIwIn0="
        }
      ]
    }
  ],
  "check_results": null
}
